
Microsoft Visual Studio Solution File, Format Version 12.00
# Visual Studio Version 17
VisualStudioVersion = 17.5.002.0
MinimumVisualStudioVersion = 10.0.40219.1
Project("{9A19103F-16F7-4668-BE54-9A1E7A4F7556}") = "RealTimeApp", "RealTimeApp.csproj", "{70AE8C3F-E0F7-4EEB-B101-0DFFB0A4613B}"
EndProject
Global
	GlobalSection(SolutionConfigurationPlatforms) = preSolution
		Debug|Any CPU = Debug|Any CPU
		Release|Any CPU = Release|Any CPU
	EndGlobalSection
	GlobalSection(ProjectConfigurationPlatforms) = postSolution
		{70AE8C3F-E0F7-4EEB-B101-0DFFB0A4613B}.Debug|Any CPU.ActiveCfg = Debug|Any CPU
		{70AE8C3F-E0F7-4EEB-B101-0DFFB0A4613B}.Debug|Any CPU.Build.0 = Debug|Any CPU
		{70AE8C3F-E0F7-4EEB-B101-0DFFB0A4613B}.Release|Any CPU.ActiveCfg = Release|Any CPU
		{70AE8C3F-E0F7-4EEB-B101-0DFFB0A4613B}.Release|Any CPU.Build.0 = Release|Any CPU
	EndGlobalSection
	GlobalSection(SolutionProperties) = preSolution
		HideSolutionNode = FALSE
	EndGlobalSection
	GlobalSection(ExtensibilityGlobals) = postSolution
		SolutionGuid = {C9F7ED19-0D0C-4BB9-BE60-63319B85A941}
	EndGlobalSection
EndGlobal
